// !$*UTF8*$!
{
	archiveVersion = 1;
	classes = {
	};
	objectVersion = 46;
	objects = {

/* Begin PBXBuildFile section */
		224F5D8E66799FD2D6343CDE /* Pods_blogger_mobileTests.framework in Frameworks */ = {isa = PBXBuildFile; fileRef = 1C95A89298FC6F23B0EF5996 /* Pods_blogger_mobileTests.framework */; };
		527729ED784DCABD9D465869 /* Pods_blogger_mobileUITests.framework in Frameworks */ = {isa = PBXBuildFile; fileRef = 0EA56193A7CC7603FFE7F8EB /* Pods_blogger_mobileUITests.framework */; };
		64EE24A1875D2C47F6D07CAB /* Pods_blogger_mobile.framework in Frameworks */ = {isa = PBXBuildFile; fileRef = 5B5D240FA190C2CA27C24A32 /* Pods_blogger_mobile.framework */; };
		E81D2E2220BA4BC80081C1B8 /* Extensions.swift in Sources */ = {isa = PBXBuildFile; fileRef = E81D2E2120BA4BC80081C1B8 /* Extensions.swift */; };
		E8418C01210E5978002A22FF /* CommentsViewController.swift in Sources */ = {isa = PBXBuildFile; fileRef = E8418C00210E5978002A22FF /* CommentsViewController.swift */; };
		E8418C03210E5A24002A22FF /* Comment.swift in Sources */ = {isa = PBXBuildFile; fileRef = E8418C02210E5A24002A22FF /* Comment.swift */; };
		E8418C05210E8EEE002A22FF /* CommentTableViewCell.swift in Sources */ = {isa = PBXBuildFile; fileRef = E8418C04210E8EEE002A22FF /* CommentTableViewCell.swift */; };
		E84FCC11210564F1009693DB /* ChatListViewController.swift in Sources */ = {isa = PBXBuildFile; fileRef = E84FCC10210564F1009693DB /* ChatListViewController.swift */; };
		E84FCC1321057ABB009693DB /* Friend.swift in Sources */ = {isa = PBXBuildFile; fileRef = E84FCC1221057ABB009693DB /* Friend.swift */; };
		E84FCC1521059E34009693DB /* ChatViewController.swift in Sources */ = {isa = PBXBuildFile; fileRef = E84FCC1421059E34009693DB /* ChatViewController.swift */; };
		E857751B20BA626700B32ACE /* StartupViewController.swift in Sources */ = {isa = PBXBuildFile; fileRef = E857751A20BA626700B32ACE /* StartupViewController.swift */; };
		E857751D20BB0A2C00B32ACE /* Request.swift in Sources */ = {isa = PBXBuildFile; fileRef = E857751C20BB0A2C00B32ACE /* Request.swift */; };
		E857751F20BB895D00B32ACE /* RegisterController.swift in Sources */ = {isa = PBXBuildFile; fileRef = E857751E20BB895D00B32ACE /* RegisterController.swift */; };
		E869594E1F57C1BB006418F5 /* AppDelegate.swift in Sources */ = {isa = PBXBuildFile; fileRef = E869594D1F57C1BB006418F5 /* AppDelegate.swift */; };
		E86959501F57C1BB006418F5 /* LoginViewController.swift in Sources */ = {isa = PBXBuildFile; fileRef = E869594F1F57C1BB006418F5 /* LoginViewController.swift */; };
		E86959531F57C1BB006418F5 /* Main.storyboard in Resources */ = {isa = PBXBuildFile; fileRef = E86959511F57C1BB006418F5 /* Main.storyboard */; };
		E86959551F57C1BB006418F5 /* Assets.xcassets in Resources */ = {isa = PBXBuildFile; fileRef = E86959541F57C1BB006418F5 /* Assets.xcassets */; };
		E86959581F57C1BB006418F5 /* LaunchScreen.storyboard in Resources */ = {isa = PBXBuildFile; fileRef = E86959561F57C1BB006418F5 /* LaunchScreen.storyboard */; };
		E86959631F57C1BB006418F5 /* blogger_mobileTests.swift in Sources */ = {isa = PBXBuildFile; fileRef = E86959621F57C1BB006418F5 /* blogger_mobileTests.swift */; };
		E869596E1F57C1BB006418F5 /* blogger_mobileUITests.swift in Sources */ = {isa = PBXBuildFile; fileRef = E869596D1F57C1BB006418F5 /* blogger_mobileUITests.swift */; };
		E8E76610210ACF9900E061D3 /* BaseParams.swift in Sources */ = {isa = PBXBuildFile; fileRef = E8E7660F210ACF9900E061D3 /* BaseParams.swift */; };
		E8E76612210ADAD900E061D3 /* UserTableViewCell.swift in Sources */ = {isa = PBXBuildFile; fileRef = E8E76611210ADAD900E061D3 /* UserTableViewCell.swift */; };
		E8FA3203209ECF20007CF16C /* Post.swift in Sources */ = {isa = PBXBuildFile; fileRef = E8FA3202209ECF20007CF16C /* Post.swift */; };
		E8FA320D209F650F007CF16C /* DashboardViewController.swift in Sources */ = {isa = PBXBuildFile; fileRef = E8FA320B209F650F007CF16C /* DashboardViewController.swift */; };
		E8FA3210209FE178007CF16C /* NewPostViewController.swift in Sources */ = {isa = PBXBuildFile; fileRef = E8FA320F209FE178007CF16C /* NewPostViewController.swift */; };
		E8FA3212209FE980007CF16C /* User.swift in Sources */ = {isa = PBXBuildFile; fileRef = E8FA3211209FE980007CF16C /* User.swift */; };
/* End PBXBuildFile section */

/* Begin PBXContainerItemProxy section */
		E869595F1F57C1BB006418F5 /* PBXContainerItemProxy */ = {
			isa = PBXContainerItemProxy;
			containerPortal = E86959421F57C1BB006418F5 /* Project object */;
			proxyType = 1;
			remoteGlobalIDString = E86959491F57C1BB006418F5;
			remoteInfo = "blogger-mobile";
		};
		E869596A1F57C1BB006418F5 /* PBXContainerItemProxy */ = {
			isa = PBXContainerItemProxy;
			containerPortal = E86959421F57C1BB006418F5 /* Project object */;
			proxyType = 1;
			remoteGlobalIDString = E86959491F57C1BB006418F5;
			remoteInfo = "blogger-mobile";
		};
/* End PBXContainerItemProxy section */

/* Begin PBXFileReference section */
		0EA56193A7CC7603FFE7F8EB /* Pods_blogger_mobileUITests.framework */ = {isa = PBXFileReference; explicitFileType = wrapper.framework; includeInIndex = 0; path = Pods_blogger_mobileUITests.framework; sourceTree = BUILT_PRODUCTS_DIR; };
		1C95A89298FC6F23B0EF5996 /* Pods_blogger_mobileTests.framework */ = {isa = PBXFileReference; explicitFileType = wrapper.framework; includeInIndex = 0; path = Pods_blogger_mobileTests.framework; sourceTree = BUILT_PRODUCTS_DIR; };
		2DFE6FEC0035F51A1009A0F9 /* Pods-blogger-mobileTests.release.xcconfig */ = {isa = PBXFileReference; includeInIndex = 1; lastKnownFileType = text.xcconfig; name = "Pods-blogger-mobileTests.release.xcconfig"; path = "Pods/Target Support Files/Pods-blogger-mobileTests/Pods-blogger-mobileTests.release.xcconfig"; sourceTree = "<group>"; };
		4EB5267127C8369D5962D765 /* Pods-blogger-mobileUITests.debug.xcconfig */ = {isa = PBXFileReference; includeInIndex = 1; lastKnownFileType = text.xcconfig; name = "Pods-blogger-mobileUITests.debug.xcconfig"; path = "Pods/Target Support Files/Pods-blogger-mobileUITests/Pods-blogger-mobileUITests.debug.xcconfig"; sourceTree = "<group>"; };
		5B5D240FA190C2CA27C24A32 /* Pods_blogger_mobile.framework */ = {isa = PBXFileReference; explicitFileType = wrapper.framework; includeInIndex = 0; path = Pods_blogger_mobile.framework; sourceTree = BUILT_PRODUCTS_DIR; };
		819E6623F60F576BE54108B1 /* Pods-blogger-mobile.release.xcconfig */ = {isa = PBXFileReference; includeInIndex = 1; lastKnownFileType = text.xcconfig; name = "Pods-blogger-mobile.release.xcconfig"; path = "Pods/Target Support Files/Pods-blogger-mobile/Pods-blogger-mobile.release.xcconfig"; sourceTree = "<group>"; };
		97966C0097CBAAF75EAA1F8A /* Pods-blogger-mobileUITests.release.xcconfig */ = {isa = PBXFileReference; includeInIndex = 1; lastKnownFileType = text.xcconfig; name = "Pods-blogger-mobileUITests.release.xcconfig"; path = "Pods/Target Support Files/Pods-blogger-mobileUITests/Pods-blogger-mobileUITests.release.xcconfig"; sourceTree = "<group>"; };
		AFC655A03AAE55C3B1F6986E /* Pods-blogger-mobile.debug.xcconfig */ = {isa = PBXFileReference; includeInIndex = 1; lastKnownFileType = text.xcconfig; name = "Pods-blogger-mobile.debug.xcconfig"; path = "Pods/Target Support Files/Pods-blogger-mobile/Pods-blogger-mobile.debug.xcconfig"; sourceTree = "<group>"; };
		E81D2E2120BA4BC80081C1B8 /* Extensions.swift */ = {isa = PBXFileReference; lastKnownFileType = sourcecode.swift; path = Extensions.swift; sourceTree = "<group>"; };
		E8418C00210E5978002A22FF /* CommentsViewController.swift */ = {isa = PBXFileReference; lastKnownFileType = sourcecode.swift; path = CommentsViewController.swift; sourceTree = "<group>"; };
		E8418C02210E5A24002A22FF /* Comment.swift */ = {isa = PBXFileReference; lastKnownFileType = sourcecode.swift; path = Comment.swift; sourceTree = "<group>"; };
		E8418C04210E8EEE002A22FF /* CommentTableViewCell.swift */ = {isa = PBXFileReference; lastKnownFileType = sourcecode.swift; path = CommentTableViewCell.swift; sourceTree = "<group>"; };
		E84FCC10210564F1009693DB /* ChatListViewController.swift */ = {isa = PBXFileReference; lastKnownFileType = sourcecode.swift; path = ChatListViewController.swift; sourceTree = "<group>"; };
		E84FCC1221057ABB009693DB /* Friend.swift */ = {isa = PBXFileReference; lastKnownFileType = sourcecode.swift; path = Friend.swift; sourceTree = "<group>"; };
		E84FCC1421059E34009693DB /* ChatViewController.swift */ = {isa = PBXFileReference; lastKnownFileType = sourcecode.swift; path = ChatViewController.swift; sourceTree = "<group>"; };
		E857751A20BA626700B32ACE /* StartupViewController.swift */ = {isa = PBXFileReference; lastKnownFileType = sourcecode.swift; path = StartupViewController.swift; sourceTree = "<group>"; };
		E857751C20BB0A2C00B32ACE /* Request.swift */ = {isa = PBXFileReference; lastKnownFileType = sourcecode.swift; path = Request.swift; sourceTree = "<group>"; };
		E857751E20BB895D00B32ACE /* RegisterController.swift */ = {isa = PBXFileReference; lastKnownFileType = sourcecode.swift; path = RegisterController.swift; sourceTree = "<group>"; };
		E869594A1F57C1BB006418F5 /* blogger-mobile.app */ = {isa = PBXFileReference; explicitFileType = wrapper.application; includeInIndex = 0; path = "blogger-mobile.app"; sourceTree = BUILT_PRODUCTS_DIR; };
		E869594D1F57C1BB006418F5 /* AppDelegate.swift */ = {isa = PBXFileReference; lastKnownFileType = sourcecode.swift; path = AppDelegate.swift; sourceTree = "<group>"; };
		E869594F1F57C1BB006418F5 /* LoginViewController.swift */ = {isa = PBXFileReference; lastKnownFileType = sourcecode.swift; path = LoginViewController.swift; sourceTree = "<group>"; };
		E86959521F57C1BB006418F5 /* Base */ = {isa = PBXFileReference; lastKnownFileType = file.storyboard; name = Base; path = Base.lproj/Main.storyboard; sourceTree = "<group>"; };
		E86959541F57C1BB006418F5 /* Assets.xcassets */ = {isa = PBXFileReference; lastKnownFileType = folder.assetcatalog; path = Assets.xcassets; sourceTree = "<group>"; };
		E86959571F57C1BB006418F5 /* Base */ = {isa = PBXFileReference; lastKnownFileType = file.storyboard; name = Base; path = Base.lproj/LaunchScreen.storyboard; sourceTree = "<group>"; };
		E86959591F57C1BB006418F5 /* Info.plist */ = {isa = PBXFileReference; lastKnownFileType = text.plist.xml; path = Info.plist; sourceTree = "<group>"; };
		E869595E1F57C1BB006418F5 /* blogger-mobileTests.xctest */ = {isa = PBXFileReference; explicitFileType = wrapper.cfbundle; includeInIndex = 0; path = "blogger-mobileTests.xctest"; sourceTree = BUILT_PRODUCTS_DIR; };
		E86959621F57C1BB006418F5 /* blogger_mobileTests.swift */ = {isa = PBXFileReference; lastKnownFileType = sourcecode.swift; path = blogger_mobileTests.swift; sourceTree = "<group>"; };
		E86959641F57C1BB006418F5 /* Info.plist */ = {isa = PBXFileReference; lastKnownFileType = text.plist.xml; path = Info.plist; sourceTree = "<group>"; };
		E86959691F57C1BB006418F5 /* blogger-mobileUITests.xctest */ = {isa = PBXFileReference; explicitFileType = wrapper.cfbundle; includeInIndex = 0; path = "blogger-mobileUITests.xctest"; sourceTree = BUILT_PRODUCTS_DIR; };
		E869596D1F57C1BB006418F5 /* blogger_mobileUITests.swift */ = {isa = PBXFileReference; lastKnownFileType = sourcecode.swift; path = blogger_mobileUITests.swift; sourceTree = "<group>"; };
		E869596F1F57C1BB006418F5 /* Info.plist */ = {isa = PBXFileReference; lastKnownFileType = text.plist.xml; path = Info.plist; sourceTree = "<group>"; };
		E8E7660F210ACF9900E061D3 /* BaseParams.swift */ = {isa = PBXFileReference; lastKnownFileType = sourcecode.swift; path = BaseParams.swift; sourceTree = "<group>"; };
		E8E76611210ADAD900E061D3 /* UserTableViewCell.swift */ = {isa = PBXFileReference; lastKnownFileType = sourcecode.swift; path = UserTableViewCell.swift; sourceTree = "<group>"; };
		E8FA3202209ECF20007CF16C /* Post.swift */ = {isa = PBXFileReference; lastKnownFileType = sourcecode.swift; path = Post.swift; sourceTree = "<group>"; };
		E8FA320B209F650F007CF16C /* DashboardViewController.swift */ = {isa = PBXFileReference; lastKnownFileType = sourcecode.swift; path = DashboardViewController.swift; sourceTree = "<group>"; };
		E8FA320F209FE178007CF16C /* NewPostViewController.swift */ = {isa = PBXFileReference; lastKnownFileType = sourcecode.swift; path = NewPostViewController.swift; sourceTree = "<group>"; };
		E8FA3211209FE980007CF16C /* User.swift */ = {isa = PBXFileReference; lastKnownFileType = sourcecode.swift; path = User.swift; sourceTree = "<group>"; };
		E91C4BC5B4246FC6E84CAA8D /* Pods-blogger-mobileTests.debug.xcconfig */ = {isa = PBXFileReference; includeInIndex = 1; lastKnownFileType = text.xcconfig; name = "Pods-blogger-mobileTests.debug.xcconfig"; path = "Pods/Target Support Files/Pods-blogger-mobileTests/Pods-blogger-mobileTests.debug.xcconfig"; sourceTree = "<group>"; };
/* End PBXFileReference section */

/* Begin PBXFrameworksBuildPhase section */
		E86959471F57C1BB006418F5 /* Frameworks */ = {
			isa = PBXFrameworksBuildPhase;
			buildActionMask = 2147483647;
			files = (
				64EE24A1875D2C47F6D07CAB /* Pods_blogger_mobile.framework in Frameworks */,
			);
			runOnlyForDeploymentPostprocessing = 0;
		};
		E869595B1F57C1BB006418F5 /* Frameworks */ = {
			isa = PBXFrameworksBuildPhase;
			buildActionMask = 2147483647;
			files = (
				224F5D8E66799FD2D6343CDE /* Pods_blogger_mobileTests.framework in Frameworks */,
			);
			runOnlyForDeploymentPostprocessing = 0;
		};
		E86959661F57C1BB006418F5 /* Frameworks */ = {
			isa = PBXFrameworksBuildPhase;
			buildActionMask = 2147483647;
			files = (
				527729ED784DCABD9D465869 /* Pods_blogger_mobileUITests.framework in Frameworks */,
			);
			runOnlyForDeploymentPostprocessing = 0;
		};
/* End PBXFrameworksBuildPhase section */

/* Begin PBXGroup section */
		02D597690F9104B691648F65 /* Pods */ = {
			isa = PBXGroup;
			children = (
				AFC655A03AAE55C3B1F6986E /* Pods-blogger-mobile.debug.xcconfig */,
				819E6623F60F576BE54108B1 /* Pods-blogger-mobile.release.xcconfig */,
				E91C4BC5B4246FC6E84CAA8D /* Pods-blogger-mobileTests.debug.xcconfig */,
				2DFE6FEC0035F51A1009A0F9 /* Pods-blogger-mobileTests.release.xcconfig */,
				4EB5267127C8369D5962D765 /* Pods-blogger-mobileUITests.debug.xcconfig */,
				97966C0097CBAAF75EAA1F8A /* Pods-blogger-mobileUITests.release.xcconfig */,
			);
			name = Pods;
			sourceTree = "<group>";
		};
		BC19DFEC92DF4B1DEBBB3636 /* Frameworks */ = {
			isa = PBXGroup;
			children = (
				5B5D240FA190C2CA27C24A32 /* Pods_blogger_mobile.framework */,
				1C95A89298FC6F23B0EF5996 /* Pods_blogger_mobileTests.framework */,
				0EA56193A7CC7603FFE7F8EB /* Pods_blogger_mobileUITests.framework */,
			);
			name = Frameworks;
			sourceTree = "<group>";
		};
		E86959411F57C1BB006418F5 = {
			isa = PBXGroup;
			children = (
				E869594C1F57C1BB006418F5 /* blogger-mobile */,
				E86959611F57C1BB006418F5 /* blogger-mobileTests */,
				E869596C1F57C1BB006418F5 /* blogger-mobileUITests */,
				E869594B1F57C1BB006418F5 /* Products */,
				02D597690F9104B691648F65 /* Pods */,
				BC19DFEC92DF4B1DEBBB3636 /* Frameworks */,
			);
			sourceTree = "<group>";
		};
		E869594B1F57C1BB006418F5 /* Products */ = {
			isa = PBXGroup;
			children = (
				E869594A1F57C1BB006418F5 /* blogger-mobile.app */,
				E869595E1F57C1BB006418F5 /* blogger-mobileTests.xctest */,
				E86959691F57C1BB006418F5 /* blogger-mobileUITests.xctest */,
			);
			name = Products;
			sourceTree = "<group>";
		};
		E869594C1F57C1BB006418F5 /* blogger-mobile */ = {
			isa = PBXGroup;
			children = (
				E869594D1F57C1BB006418F5 /* AppDelegate.swift */,
				E869594F1F57C1BB006418F5 /* LoginViewController.swift */,
				E86959511F57C1BB006418F5 /* Main.storyboard */,
				E86959541F57C1BB006418F5 /* Assets.xcassets */,
				E86959561F57C1BB006418F5 /* LaunchScreen.storyboard */,
				E86959591F57C1BB006418F5 /* Info.plist */,
				E8FA3202209ECF20007CF16C /* Post.swift */,
				E8FA320B209F650F007CF16C /* DashboardViewController.swift */,
				E8FA320F209FE178007CF16C /* NewPostViewController.swift */,
				E8FA3211209FE980007CF16C /* User.swift */,
				E81D2E2120BA4BC80081C1B8 /* Extensions.swift */,
				E857751A20BA626700B32ACE /* StartupViewController.swift */,
				E857751C20BB0A2C00B32ACE /* Request.swift */,
				E857751E20BB895D00B32ACE /* RegisterController.swift */,
				E84FCC10210564F1009693DB /* ChatListViewController.swift */,
				E84FCC1221057ABB009693DB /* Friend.swift */,
				E84FCC1421059E34009693DB /* ChatViewController.swift */,
				E8E7660F210ACF9900E061D3 /* BaseParams.swift */,
				E8E76611210ADAD900E061D3 /* UserTableViewCell.swift */,
				E8418C00210E5978002A22FF /* CommentsViewController.swift */,
				E8418C02210E5A24002A22FF /* Comment.swift */,
				E8418C04210E8EEE002A22FF /* CommentTableViewCell.swift */,
			);
			path = "blogger-mobile";
			sourceTree = "<group>";
		};
		E86959611F57C1BB006418F5 /* blogger-mobileTests */ = {
			isa = PBXGroup;
			children = (
				E86959621F57C1BB006418F5 /* blogger_mobileTests.swift */,
				E86959641F57C1BB006418F5 /* Info.plist */,
			);
			path = "blogger-mobileTests";
			sourceTree = "<group>";
		};
		E869596C1F57C1BB006418F5 /* blogger-mobileUITests */ = {
			isa = PBXGroup;
			children = (
				E869596D1F57C1BB006418F5 /* blogger_mobileUITests.swift */,
				E869596F1F57C1BB006418F5 /* Info.plist */,
			);
			path = "blogger-mobileUITests";
			sourceTree = "<group>";
		};
/* End PBXGroup section */

/* Begin PBXNativeTarget section */
		E86959491F57C1BB006418F5 /* blogger-mobile */ = {
			isa = PBXNativeTarget;
			buildConfigurationList = E86959721F57C1BB006418F5 /* Build configuration list for PBXNativeTarget "blogger-mobile" */;
			buildPhases = (
				0EB86533055E908B4338B5D2 /* [CP] Check Pods Manifest.lock */,
				E86959461F57C1BB006418F5 /* Sources */,
				E86959471F57C1BB006418F5 /* Frameworks */,
				E86959481F57C1BB006418F5 /* Resources */,
				6F8C9F96F9EBD24E8017D5F4 /* [CP] Embed Pods Frameworks */,
			);
			buildRules = (
			);
			dependencies = (
			);
			name = "blogger-mobile";
			productName = "blogger-mobile";
			productReference = E869594A1F57C1BB006418F5 /* blogger-mobile.app */;
			productType = "com.apple.product-type.application";
		};
		E869595D1F57C1BB006418F5 /* blogger-mobileTests */ = {
			isa = PBXNativeTarget;
			buildConfigurationList = E86959751F57C1BB006418F5 /* Build configuration list for PBXNativeTarget "blogger-mobileTests" */;
			buildPhases = (
				FAA6A64243B6369607B74E5D /* [CP] Check Pods Manifest.lock */,
				E869595A1F57C1BB006418F5 /* Sources */,
				E869595B1F57C1BB006418F5 /* Frameworks */,
				E869595C1F57C1BB006418F5 /* Resources */,
			);
			buildRules = (
			);
			dependencies = (
				E86959601F57C1BB006418F5 /* PBXTargetDependency */,
			);
			name = "blogger-mobileTests";
			productName = "blogger-mobileTests";
			productReference = E869595E1F57C1BB006418F5 /* blogger-mobileTests.xctest */;
			productType = "com.apple.product-type.bundle.unit-test";
		};
		E86959681F57C1BB006418F5 /* blogger-mobileUITests */ = {
			isa = PBXNativeTarget;
			buildConfigurationList = E86959781F57C1BB006418F5 /* Build configuration list for PBXNativeTarget "blogger-mobileUITests" */;
			buildPhases = (
				90BEC363CA6BDDF64EADB58F /* [CP] Check Pods Manifest.lock */,
				E86959651F57C1BB006418F5 /* Sources */,
				E86959661F57C1BB006418F5 /* Frameworks */,
				E86959671F57C1BB006418F5 /* Resources */,
			);
			buildRules = (
			);
			dependencies = (
				E869596B1F57C1BB006418F5 /* PBXTargetDependency */,
			);
			name = "blogger-mobileUITests";
			productName = "blogger-mobileUITests";
			productReference = E86959691F57C1BB006418F5 /* blogger-mobileUITests.xctest */;
			productType = "com.apple.product-type.bundle.ui-testing";
		};
/* End PBXNativeTarget section */

/* Begin PBXProject section */
		E86959421F57C1BB006418F5 /* Project object */ = {
			isa = PBXProject;
			attributes = {
				LastSwiftUpdateCheck = 0830;
				LastUpgradeCheck = 0830;
				ORGANIZATIONNAME = blogger_mobile;
				TargetAttributes = {
					E86959491F57C1BB006418F5 = {
						CreatedOnToolsVersion = 8.3.3;
						DevelopmentTeam = 72VANXCC9C;
						LastSwiftMigration = 0930;
						ProvisioningStyle = Automatic;
					};
					E869595D1F57C1BB006418F5 = {
						CreatedOnToolsVersion = 8.3.3;
						LastSwiftMigration = 0930;
						ProvisioningStyle = Automatic;
						TestTargetID = E86959491F57C1BB006418F5;
					};
					E86959681F57C1BB006418F5 = {
						CreatedOnToolsVersion = 8.3.3;
						LastSwiftMigration = 0930;
						ProvisioningStyle = Automatic;
						TestTargetID = E86959491F57C1BB006418F5;
					};
				};
			};
			buildConfigurationList = E86959451F57C1BB006418F5 /* Build configuration list for PBXProject "blogger-mobile" */;
			compatibilityVersion = "Xcode 3.2";
			developmentRegion = English;
			hasScannedForEncodings = 0;
			knownRegions = (
				en,
				Base,
			);
			mainGroup = E86959411F57C1BB006418F5;
			productRefGroup = E869594B1F57C1BB006418F5 /* Products */;
			projectDirPath = "";
			projectRoot = "";
			targets = (
				E86959491F57C1BB006418F5 /* blogger-mobile */,
				E869595D1F57C1BB006418F5 /* blogger-mobileTests */,
				E86959681F57C1BB006418F5 /* blogger-mobileUITests */,
			);
		};
/* End PBXProject section */

/* Begin PBXResourcesBuildPhase section */
		E86959481F57C1BB006418F5 /* Resources */ = {
			isa = PBXResourcesBuildPhase;
			buildActionMask = 2147483647;
			files = (
				E86959581F57C1BB006418F5 /* LaunchScreen.storyboard in Resources */,
				E86959551F57C1BB006418F5 /* Assets.xcassets in Resources */,
				E86959531F57C1BB006418F5 /* Main.storyboard in Resources */,
			);
			runOnlyForDeploymentPostprocessing = 0;
		};
		E869595C1F57C1BB006418F5 /* Resources */ = {
			isa = PBXResourcesBuildPhase;
			buildActionMask = 2147483647;
			files = (
			);
			runOnlyForDeploymentPostprocessing = 0;
		};
		E86959671F57C1BB006418F5 /* Resources */ = {
			isa = PBXResourcesBuildPhase;
			buildActionMask = 2147483647;
			files = (
			);
			runOnlyForDeploymentPostprocessing = 0;
		};
/* End PBXResourcesBuildPhase section */

/* Begin PBXShellScriptBuildPhase section */
		0EB86533055E908B4338B5D2 /* [CP] Check Pods Manifest.lock */ = {
			isa = PBXShellScriptBuildPhase;
			buildActionMask = 2147483647;
			files = (
			);
			inputPaths = (
				"${PODS_PODFILE_DIR_PATH}/Podfile.lock",
				"${PODS_ROOT}/Manifest.lock",
			);
			name = "[CP] Check Pods Manifest.lock";
			outputPaths = (
				"$(DERIVED_FILE_DIR)/Pods-blogger-mobile-checkManifestLockResult.txt",
			);
			runOnlyForDeploymentPostprocessing = 0;
			shellPath = /bin/sh;
			shellScript = "diff \"${PODS_PODFILE_DIR_PATH}/Podfile.lock\" \"${PODS_ROOT}/Manifest.lock\" > /dev/null\nif [ $? != 0 ] ; then\n    # print error to STDERR\n    echo \"error: The sandbox is not in sync with the Podfile.lock. Run 'pod install' or update your CocoaPods installation.\" >&2\n    exit 1\nfi\n# This output is used by Xcode 'outputs' to avoid re-running this script phase.\necho \"SUCCESS\" > \"${SCRIPT_OUTPUT_FILE_0}\"\n";
			showEnvVarsInLog = 0;
		};
		6F8C9F96F9EBD24E8017D5F4 /* [CP] Embed Pods Frameworks */ = {
			isa = PBXShellScriptBuildPhase;
			buildActionMask = 2147483647;
			files = (
			);
			inputPaths = (
				"${SRCROOT}/Pods/Target Support Files/Pods-blogger-mobile/Pods-blogger-mobile-frameworks.sh",
				"${BUILT_PRODUCTS_DIR}/JSQMessagesViewController/JSQMessagesViewController.framework",
				"${BUILT_PRODUCTS_DIR}/JSQSystemSoundPlayer/JSQSystemSoundPlayer.framework",
				"${BUILT_PRODUCTS_DIR}/KeychainAccess/KeychainAccess.framework",
				"${BUILT_PRODUCTS_DIR}/Socket.IO-Client-Swift/SocketIO.framework",
				"${BUILT_PRODUCTS_DIR}/Starscream/Starscream.framework",
				"${BUILT_PRODUCTS_DIR}/SwiftSoup/SwiftSoup.framework",
			);
			name = "[CP] Embed Pods Frameworks";
			outputPaths = (
				"${TARGET_BUILD_DIR}/${FRAMEWORKS_FOLDER_PATH}/JSQMessagesViewController.framework",
				"${TARGET_BUILD_DIR}/${FRAMEWORKS_FOLDER_PATH}/JSQSystemSoundPlayer.framework",
				"${TARGET_BUILD_DIR}/${FRAMEWORKS_FOLDER_PATH}/KeychainAccess.framework",
				"${TARGET_BUILD_DIR}/${FRAMEWORKS_FOLDER_PATH}/SocketIO.framework",
				"${TARGET_BUILD_DIR}/${FRAMEWORKS_FOLDER_PATH}/Starscream.framework",
				"${TARGET_BUILD_DIR}/${FRAMEWORKS_FOLDER_PATH}/SwiftSoup.framework",
			);
			runOnlyForDeploymentPostprocessing = 0;
			shellPath = /bin/sh;
			shellScript = "\"${SRCROOT}/Pods/Target Support Files/Pods-blogger-mobile/Pods-blogger-mobile-frameworks.sh\"\n";
			showEnvVarsInLog = 0;
		};
		90BEC363CA6BDDF64EADB58F /* [CP] Check Pods Manifest.lock */ = {
			isa = PBXShellScriptBuildPhase;
			buildActionMask = 2147483647;
			files = (
			);
			inputPaths = (
				"${PODS_PODFILE_DIR_PATH}/Podfile.lock",
				"${PODS_ROOT}/Manifest.lock",
			);
			name = "[CP] Check Pods Manifest.lock";
			outputPaths = (
				"$(DERIVED_FILE_DIR)/Pods-blogger-mobileUITests-checkManifestLockResult.txt",
			);
			runOnlyForDeploymentPostprocessing = 0;
			shellPath = /bin/sh;
			shellScript = "diff \"${PODS_PODFILE_DIR_PATH}/Podfile.lock\" \"${PODS_ROOT}/Manifest.lock\" > /dev/null\nif [ $? != 0 ] ; then\n    # print error to STDERR\n    echo \"error: The sandbox is not in sync with the Podfile.lock. Run 'pod install' or update your CocoaPods installation.\" >&2\n    exit 1\nfi\n# This output is used by Xcode 'outputs' to avoid re-running this script phase.\necho \"SUCCESS\" > \"${SCRIPT_OUTPUT_FILE_0}\"\n";
			showEnvVarsInLog = 0;
		};
		FAA6A64243B6369607B74E5D /* [CP] Check Pods Manifest.lock */ = {
			isa = PBXShellScriptBuildPhase;
			buildActionMask = 2147483647;
			files = (
			);
			inputPaths = (
				"${PODS_PODFILE_DIR_PATH}/Podfile.lock",
				"${PODS_ROOT}/Manifest.lock",
			);
			name = "[CP] Check Pods Manifest.lock";
			outputPaths = (
				"$(DERIVED_FILE_DIR)/Pods-blogger-mobileTests-checkManifestLockResult.txt",
			);
			runOnlyForDeploymentPostprocessing = 0;
			shellPath = /bin/sh;
			shellScript = "diff \"${PODS_PODFILE_DIR_PATH}/Podfile.lock\" \"${PODS_ROOT}/Manifest.lock\" > /dev/null\nif [ $? != 0 ] ; then\n    # print error to STDERR\n    echo \"error: The sandbox is not in sync with the Podfile.lock. Run 'pod install' or update your CocoaPods installation.\" >&2\n    exit 1\nfi\n# This output is used by Xcode 'outputs' to avoid re-running this script phase.\necho \"SUCCESS\" > \"${SCRIPT_OUTPUT_FILE_0}\"\n";
			showEnvVarsInLog = 0;
		};
/* End PBXShellScriptBuildPhase section */

/* Begin PBXSourcesBuildPhase section */
		E86959461F57C1BB006418F5 /* Sources */ = {
			isa = PBXSourcesBuildPhase;
			buildActionMask = 2147483647;
			files = (
				E8E76612210ADAD900E061D3 /* UserTableViewCell.swift in Sources */,
				E857751F20BB895D00B32ACE /* RegisterController.swift in Sources */,
				E857751B20BA626700B32ACE /* StartupViewController.swift in Sources */,
				E84FCC11210564F1009693DB /* ChatListViewController.swift in Sources */,
				E84FCC1321057ABB009693DB /* Friend.swift in Sources */,
				E8418C03210E5A24002A22FF /* Comment.swift in Sources */,
				E8FA320D209F650F007CF16C /* DashboardViewController.swift in Sources */,
				E86959501F57C1BB006418F5 /* LoginViewController.swift in Sources */,
				E8E76610210ACF9900E061D3 /* BaseParams.swift in Sources */,
				E81D2E2220BA4BC80081C1B8 /* Extensions.swift in Sources */,
				E8FA3212209FE980007CF16C /* User.swift in Sources */,
				E869594E1F57C1BB006418F5 /* AppDelegate.swift in Sources */,
				E84FCC1521059E34009693DB /* ChatViewController.swift in Sources */,
				E8418C05210E8EEE002A22FF /* CommentTableViewCell.swift in Sources */,
				E8418C01210E5978002A22FF /* CommentsViewController.swift in Sources */,
				E8FA3203209ECF20007CF16C /* Post.swift in Sources */,
				E857751D20BB0A2C00B32ACE /* Request.swift in Sources */,
				E8FA3210209FE178007CF16C /* NewPostViewController.swift in Sources */,
			);
			runOnlyForDeploymentPostprocessing = 0;
		};
		E869595A1F57C1BB006418F5 /* Sources */ = {
			isa = PBXSourcesBuildPhase;
			buildActionMask = 2147483647;
			files = (
				E86959631F57C1BB006418F5 /* blogger_mobileTests.swift in Sources */,
			);
			runOnlyForDeploymentPostprocessing = 0;
		};
		E86959651F57C1BB006418F5 /* Sources */ = {
			isa = PBXSourcesBuildPhase;
			buildActionMask = 2147483647;
			files = (
				E869596E1F57C1BB006418F5 /* blogger_mobileUITests.swift in Sources */,
			);
			runOnlyForDeploymentPostprocessing = 0;
		};
/* End PBXSourcesBuildPhase section */

/* Begin PBXTargetDependency section */
		E86959601F57C1BB006418F5 /* PBXTargetDependency */ = {
			isa = PBXTargetDependency;
			target = E86959491F57C1BB006418F5 /* blogger-mobile */;
			targetProxy = E869595F1F57C1BB006418F5 /* PBXContainerItemProxy */;
		};
		E869596B1F57C1BB006418F5 /* PBXTargetDependency */ = {
			isa = PBXTargetDependency;
			target = E86959491F57C1BB006418F5 /* blogger-mobile */;
			targetProxy = E869596A1F57C1BB006418F5 /* PBXContainerItemProxy */;
		};
/* End PBXTargetDependency section */

/* Begin PBXVariantGroup section */
		E86959511F57C1BB006418F5 /* Main.storyboard */ = {
			isa = PBXVariantGroup;
			children = (
				E86959521F57C1BB006418F5 /* Base */,
			);
			name = Main.storyboard;
			sourceTree = "<group>";
		};
		E86959561F57C1BB006418F5 /* LaunchScreen.storyboard */ = {
			isa = PBXVariantGroup;
			children = (
				E86959571F57C1BB006418F5 /* Base */,
			);
			name = LaunchScreen.storyboard;
			sourceTree = "<group>";
		};
/* End PBXVariantGroup section */

/* Begin XCBuildConfiguration section */
		E86959701F57C1BB006418F5 /* Debug */ = {
			isa = XCBuildConfiguration;
			buildSettings = {
				ALWAYS_SEARCH_USER_PATHS = NO;
				CLANG_ANALYZER_NONNULL = YES;
				CLANG_ANALYZER_NUMBER_OBJECT_CONVERSION = YES_AGGRESSIVE;
				CLANG_CXX_LANGUAGE_STANDARD = "gnu++0x";
				CLANG_CXX_LIBRARY = "libc++";
				CLANG_ENABLE_MODULES = YES;
				CLANG_ENABLE_OBJC_ARC = YES;
				CLANG_WARN_BOOL_CONVERSION = YES;
				CLANG_WARN_CONSTANT_CONVERSION = YES;
				CLANG_WARN_DIRECT_OBJC_ISA_USAGE = YES_ERROR;
				CLANG_WARN_DOCUMENTATION_COMMENTS = YES;
				CLANG_WARN_EMPTY_BODY = YES;
				CLANG_WARN_ENUM_CONVERSION = YES;
				CLANG_WARN_INFINITE_RECURSION = YES;
				CLANG_WARN_INT_CONVERSION = YES;
				CLANG_WARN_OBJC_ROOT_CLASS = YES_ERROR;
				CLANG_WARN_SUSPICIOUS_MOVE = YES;
				CLANG_WARN_UNREACHABLE_CODE = YES;
				CLANG_WARN__DUPLICATE_METHOD_MATCH = YES;
				"CODE_SIGN_IDENTITY[sdk=iphoneos*]" = "iPhone Developer";
				COPY_PHASE_STRIP = NO;
				DEBUG_INFORMATION_FORMAT = dwarf;
				ENABLE_STRICT_OBJC_MSGSEND = YES;
				ENABLE_TESTABILITY = YES;
				GCC_C_LANGUAGE_STANDARD = gnu99;
				GCC_DYNAMIC_NO_PIC = NO;
				GCC_NO_COMMON_BLOCKS = YES;
				GCC_OPTIMIZATION_LEVEL = 0;
				GCC_PREPROCESSOR_DEFINITIONS = (
					"DEBUG=1",
					"$(inherited)",
				);
				GCC_WARN_64_TO_32_BIT_CONVERSION = YES;
				GCC_WARN_ABOUT_RETURN_TYPE = YES_ERROR;
				GCC_WARN_UNDECLARED_SELECTOR = YES;
				GCC_WARN_UNINITIALIZED_AUTOS = YES_AGGRESSIVE;
				GCC_WARN_UNUSED_FUNCTION = YES;
				GCC_WARN_UNUSED_VARIABLE = YES;
				IPHONEOS_DEPLOYMENT_TARGET = 10.3;
				MTL_ENABLE_DEBUG_INFO = YES;
				ONLY_ACTIVE_ARCH = YES;
				SDKROOT = iphoneos;
				SWIFT_ACTIVE_COMPILATION_CONDITIONS = DEBUG;
				SWIFT_OPTIMIZATION_LEVEL = "-Onone";
			};
			name = Debug;
		};
		E86959711F57C1BB006418F5 /* Release */ = {
			isa = XCBuildConfiguration;
			buildSettings = {
				ALWAYS_SEARCH_USER_PATHS = NO;
				CLANG_ANALYZER_NONNULL = YES;
				CLANG_ANALYZER_NUMBER_OBJECT_CONVERSION = YES_AGGRESSIVE;
				CLANG_CXX_LANGUAGE_STANDARD = "gnu++0x";
				CLANG_CXX_LIBRARY = "libc++";
				CLANG_ENABLE_MODULES = YES;
				CLANG_ENABLE_OBJC_ARC = YES;
				CLANG_WARN_BOOL_CONVERSION = YES;
				CLANG_WARN_CONSTANT_CONVERSION = YES;
				CLANG_WARN_DIRECT_OBJC_ISA_USAGE = YES_ERROR;
				CLANG_WARN_DOCUMENTATION_COMMENTS = YES;
				CLANG_WARN_EMPTY_BODY = YES;
				CLANG_WARN_ENUM_CONVERSION = YES;
				CLANG_WARN_INFINITE_RECURSION = YES;
				CLANG_WARN_INT_CONVERSION = YES;
				CLANG_WARN_OBJC_ROOT_CLASS = YES_ERROR;
				CLANG_WARN_SUSPICIOUS_MOVE = YES;
				CLANG_WARN_UNREACHABLE_CODE = YES;
				CLANG_WARN__DUPLICATE_METHOD_MATCH = YES;
				"CODE_SIGN_IDENTITY[sdk=iphoneos*]" = "iPhone Developer";
				COPY_PHASE_STRIP = NO;
				DEBUG_INFORMATION_FORMAT = "dwarf-with-dsym";
				ENABLE_NS_ASSERTIONS = NO;
				ENABLE_STRICT_OBJC_MSGSEND = YES;
				GCC_C_LANGUAGE_STANDARD = gnu99;
				GCC_NO_COMMON_BLOCKS = YES;
				GCC_WARN_64_TO_32_BIT_CONVERSION = YES;
				GCC_WARN_ABOUT_RETURN_TYPE = YES_ERROR;
				GCC_WARN_UNDECLARED_SELECTOR = YES;
				GCC_WARN_UNINITIALIZED_AUTOS = YES_AGGRESSIVE;
				GCC_WARN_UNUSED_FUNCTION = YES;
				GCC_WARN_UNUSED_VARIABLE = YES;
				IPHONEOS_DEPLOYMENT_TARGET = 10.3;
				MTL_ENABLE_DEBUG_INFO = NO;
				SDKROOT = iphoneos;
				SWIFT_OPTIMIZATION_LEVEL = "-Owholemodule";
				VALIDATE_PRODUCT = YES;
			};
			name = Release;
		};
		E86959731F57C1BB006418F5 /* Debug */ = {
			isa = XCBuildConfiguration;
			baseConfigurationReference = AFC655A03AAE55C3B1F6986E /* Pods-blogger-mobile.debug.xcconfig */;
			buildSettings = {
				ASSETCATALOG_COMPILER_APPICON_NAME = AppIcon;
				"CODE_SIGN_IDENTITY[sdk=iphoneos*]" = "iPhone Developer";
				CODE_SIGN_STYLE = Automatic;
				DEVELOPMENT_TEAM = 72VANXCC9C;
				INFOPLIST_FILE = "blogger-mobile/Info.plist";
				LD_RUNPATH_SEARCH_PATHS = "$(inherited) @executable_path/Frameworks";
				PRODUCT_BUNDLE_IDENTIFIER = "blogger.blogger-mobile";
				PRODUCT_NAME = "$(TARGET_NAME)";
				PROVISIONING_PROFILE_SPECIFIER = "";
				SWIFT_SWIFT3_OBJC_INFERENCE = Default;
				SWIFT_VERSION = 4.0;
			};
			name = Debug;
		};
		E86959741F57C1BB006418F5 /* Release */ = {
			isa = XCBuildConfiguration;
			baseConfigurationReference = 819E6623F60F576BE54108B1 /* Pods-blogger-mobile.release.xcconfig */;
			buildSettings = {
				ASSETCATALOG_COMPILER_APPICON_NAME = AppIcon;
				"CODE_SIGN_IDENTITY[sdk=iphoneos*]" = "iPhone Developer";
				CODE_SIGN_STYLE = Automatic;
				DEVELOPMENT_TEAM = 72VANXCC9C;
				INFOPLIST_FILE = "blogger-mobile/Info.plist";
				LD_RUNPATH_SEARCH_PATHS = "$(inherited) @executable_path/Frameworks";
				PRODUCT_BUNDLE_IDENTIFIER = "blogger.blogger-mobile";
				PRODUCT_NAME = "$(TARGET_NAME)";
				PROVISIONING_PROFILE_SPECIFIER = "";
				SWIFT_SWIFT3_OBJC_INFERENCE = Default;
				SWIFT_VERSION = 4.0;
			};
			name = Release;
		};
		E86959761F57C1BB006418F5 /* Debug */ = {
			isa = XCBuildConfiguration;
			baseConfigurationReference = E91C4BC5B4246FC6E84CAA8D /* Pods-blogger-mobileTests.debug.xcconfig */;
			buildSettings = {
				ALWAYS_EMBED_SWIFT_STANDARD_LIBRARIES = YES;
				BUNDLE_LOADER = "$(TEST_HOST)";
				INFOPLIST_FILE = "blogger-mobileTests/Info.plist";
				LD_RUNPATH_SEARCH_PATHS = "$(inherited) @executable_path/Frameworks @loader_path/Frameworks";
				PRODUCT_BUNDLE_IDENTIFIER = "blogger.blogger-mobileTests";
				PRODUCT_NAME = "$(TARGET_NAME)";
				SWIFT_SWIFT3_OBJC_INFERENCE = On;
				SWIFT_VERSION = 4.0;
				TEST_HOST = "$(BUILT_PRODUCTS_DIR)/blogger-mobile.app/blogger-mobile";
			};
			name = Debug;
		};
		E86959771F57C1BB006418F5 /* Release */ = {
			isa = XCBuildConfiguration;
			baseConfigurationReference = 2DFE6FEC0035F51A1009A0F9 /* Pods-blogger-mobileTests.release.xcconfig */;
			buildSettings = {
				ALWAYS_EMBED_SWIFT_STANDARD_LIBRARIES = YES;
				BUNDLE_LOADER = "$(TEST_HOST)";
				INFOPLIST_FILE = "blogger-mobileTests/Info.plist";
				LD_RUNPATH_SEARCH_PATHS = "$(inherited) @executable_path/Frameworks @loader_path/Frameworks";
				PRODUCT_BUNDLE_IDENTIFIER = "blogger.blogger-mobileTests";
				PRODUCT_NAME = "$(TARGET_NAME)";
				SWIFT_SWIFT3_OBJC_INFERENCE = On;
				SWIFT_VERSION = 4.0;
				TEST_HOST = "$(BUILT_PRODUCTS_DIR)/blogger-mobile.app/blogger-mobile";
			};
			name = Release;
		};
		E86959791F57C1BB006418F5 /* Debug */ = {
			isa = XCBuildConfiguration;
			baseConfigurationReference = 4EB5267127C8369D5962D765 /* Pods-blogger-mobileUITests.debug.xcconfig */;
			buildSettings = {
				ALWAYS_EMBED_SWIFT_STANDARD_LIBRARIES = YES;
				INFOPLIST_FILE = "blogger-mobileUITests/Info.plist";
				LD_RUNPATH_SEARCH_PATHS = "$(inherited) @executable_path/Frameworks @loader_path/Frameworks";
				PRODUCT_BUNDLE_IDENTIFIER = "blogger.blogger-mobileUITests";
				PRODUCT_NAME = "$(TARGET_NAME)";
				SWIFT_SWIFT3_OBJC_INFERENCE = On;
				SWIFT_VERSION = 4.0;
				TEST_TARGET_NAME = "blogger-mobile";
			};
			name = Debug;
		};
		E869597A1F57C1BB006418F5 /* Release */ = {
			isa = XCBuildConfiguration;
			baseConfigurationReference = 97966C0097CBAAF75EAA1F8A /* Pods-blogger-mobileUITests.release.xcconfig */;
			buildSettings = {
				ALWAYS_EMBED_SWIFT_STANDARD_LIBRARIES = YES;
				INFOPLIST_FILE = "blogger-mobileUITests/Info.plist";
				LD_RUNPATH_SEARCH_PATHS = "$(inherited) @executable_path/Frameworks @loader_path/Frameworks";
				PRODUCT_BUNDLE_IDENTIFIER = "blogger.blogger-mobileUITests";
				PRODUCT_NAME = "$(TARGET_NAME)";
				SWIFT_SWIFT3_OBJC_INFERENCE = On;
				SWIFT_VERSION = 4.0;
				TEST_TARGET_NAME = "blogger-mobile";
			};
			name = Release;
		};
/* End XCBuildConfiguration section */

/* Begin XCConfigurationList section */
		E86959451F57C1BB006418F5 /* Build configuration list for PBXProject "blogger-mobile" */ = {
			isa = XCConfigurationList;
			buildConfigurations = (
				E86959701F57C1BB006418F5 /* Debug */,
				E86959711F57C1BB006418F5 /* Release */,
			);
			defaultConfigurationIsVisible = 0;
			defaultConfigurationName = Release;
		};
		E86959721F57C1BB006418F5 /* Build configuration list for PBXNativeTarget "blogger-mobile" */ = {
			isa = XCConfigurationList;
			buildConfigurations = (
				E86959731F57C1BB006418F5 /* Debug */,
				E86959741F57C1BB006418F5 /* Release */,
			);
			defaultConfigurationIsVisible = 0;
			defaultConfigurationName = Release;
		};
		E86959751F57C1BB006418F5 /* Build configuration list for PBXNativeTarget "blogger-mobileTests" */ = {
			isa = XCConfigurationList;
			buildConfigurations = (
				E86959761F57C1BB006418F5 /* Debug */,
				E86959771F57C1BB006418F5 /* Release */,
			);
			defaultConfigurationIsVisible = 0;
			defaultConfigurationName = Release;
		};
		E86959781F57C1BB006418F5 /* Build configuration list for PBXNativeTarget "blogger-mobileUITests" */ = {
			isa = XCConfigurationList;
			buildConfigurations = (
				E86959791F57C1BB006418F5 /* Debug */,
				E869597A1F57C1BB006418F5 /* Release */,
			);
			defaultConfigurationIsVisible = 0;
			defaultConfigurationName = Release;
		};
/* End XCConfigurationList section */
	};
	rootObject = E86959421F57C1BB006418F5 /* Project object */;
}
